
Microsoft Visual Studio Solution File, Format Version 12.00
# Visual Studio Version 17
VisualStudioVersion = 17.11.35222.181
MinimumVisualStudioVersion = 10.0.40219.1
Project("{FAE04EC0-301F-11D3-BF4B-00C04F79EFBC}") = "Contract Monthly Claim System", "Contract Monthly Claim System\Contract Monthly Claim System.csproj", "{A2E4F27A-B589-45AA-BBA6-E6E7101DA48D}"
EndProject
Global
	GlobalSection(SolutionConfigurationPlatforms) = preSolution
		Debug|Any CPU = Debug|Any CPU
		Release|Any CPU = Release|Any CPU
	EndGlobalSection
	GlobalSection(ProjectConfigurationPlatforms) = postSolution
		{A2E4F27A-B589-45AA-BBA6-E6E7101DA48D}.Debug|Any CPU.ActiveCfg = Debug|Any CPU
		{A2E4F27A-B589-45AA-BBA6-E6E7101DA48D}.Debug|Any CPU.Build.0 = Debug|Any CPU
		{A2E4F27A-B589-45AA-BBA6-E6E7101DA48D}.Release|Any CPU.ActiveCfg = Release|Any CPU
		{A2E4F27A-B589-45AA-BBA6-E6E7101DA48D}.Release|Any CPU.Build.0 = Release|Any CPU
	EndGlobalSection
	GlobalSection(SolutionProperties) = preSolution
		HideSolutionNode = FALSE
	EndGlobalSection
	GlobalSection(ExtensibilityGlobals) = postSolution
		SolutionGuid = {AF44B15B-4B51-4A18-957A-05EBA4334E93}
	EndGlobalSection
EndGlobal
